
Microsoft Visual Studio Solution File, Format Version 12.00
# Visual Studio 15
VisualStudioVersion = 15.0.28307.572
MinimumVisualStudioVersion = 10.0.40219.1
Project("{FAE04EC0-301F-11D3-BF4B-00C04F79EFBC}") = "FizzBuzz", "FizzBuzz\FizzBuzz.csproj", "{DA720010-17B7-4551-B9EF-A2D37D79CD4C}"
EndProject
Global
	GlobalSection(SolutionConfigurationPlatforms) = preSolution
		Debug|Any CPU = Debug|Any CPU
		Release|Any CPU = Release|Any CPU
	EndGlobalSection
	GlobalSection(ProjectConfigurationPlatforms) = postSolution
		{DA720010-17B7-4551-B9EF-A2D37D79CD4C}.Debug|Any CPU.ActiveCfg = Debug|Any CPU
		{DA720010-17B7-4551-B9EF-A2D37D79CD4C}.Debug|Any CPU.Build.0 = Debug|Any CPU
		{DA720010-17B7-4551-B9EF-A2D37D79CD4C}.Release|Any CPU.ActiveCfg = Release|Any CPU
		{DA720010-17B7-4551-B9EF-A2D37D79CD4C}.Release|Any CPU.Build.0 = Release|Any CPU
	EndGlobalSection
	GlobalSection(SolutionProperties) = preSolution
		HideSolutionNode = FALSE
	EndGlobalSection
	GlobalSection(ExtensibilityGlobals) = postSolution
		SolutionGuid = {9E1B4436-CB3C-4EFD-AA37-0992BD49613F}
	EndGlobalSection
EndGlobal
